
Microsoft Visual Studio Solution File, Format Version 12.00
# Visual Studio 15
VisualStudioVersion = 15.0.27130.2036
MinimumVisualStudioVersion = 10.0.40219.1
Project("{FAE04EC0-301F-11D3-BF4B-00C04F79EFBC}") = "Exercise3", "Exercise3\Exercise3.csproj", "{C54A3F0B-2EA8-452D-B14B-7AC5E87B1CF2}"
EndProject
Global
	GlobalSection(SolutionConfigurationPlatforms) = preSolution
		Debug|Any CPU = Debug|Any CPU
		Release|Any CPU = Release|Any CPU
	EndGlobalSection
	GlobalSection(ProjectConfigurationPlatforms) = postSolution
		{C54A3F0B-2EA8-452D-B14B-7AC5E87B1CF2}.Debug|Any CPU.ActiveCfg = Debug|Any CPU
		{C54A3F0B-2EA8-452D-B14B-7AC5E87B1CF2}.Debug|Any CPU.Build.0 = Debug|Any CPU
		{C54A3F0B-2EA8-452D-B14B-7AC5E87B1CF2}.Release|Any CPU.ActiveCfg = Release|Any CPU
		{C54A3F0B-2EA8-452D-B14B-7AC5E87B1CF2}.Release|Any CPU.Build.0 = Release|Any CPU
	EndGlobalSection
	GlobalSection(SolutionProperties) = preSolution
		HideSolutionNode = FALSE
	EndGlobalSection
	GlobalSection(ExtensibilityGlobals) = postSolution
		SolutionGuid = {8D0BC555-264B-41D0-93BC-07D8A4F2BF13}
	EndGlobalSection
EndGlobal
